// !$*UTF8*$!
{
	archiveVersion = 1;
	classes = {
	};
	objectVersion = 46;
	objects = {

/* Begin PBXBuildFile section */
		3086238B63379E8D05EDA0E1 /* Pods_cookpad_demo.framework in Frameworks */ = {isa = PBXBuildFile; fileRef = 141674A82219BE938AAD5619 /* Pods_cookpad_demo.framework */; };
		AA2D50591F6A713C00E25BCF /* DishLevel.swift in Sources */ = {isa = PBXBuildFile; fileRef = AA2D50581F6A713C00E25BCF /* DishLevel.swift */; };
		AA2D505E1F6A74F200E25BCF /* Dish.swift in Sources */ = {isa = PBXBuildFile; fileRef = AA2D505D1F6A74F200E25BCF /* Dish.swift */; };
		AA2D50601F6A791E00E25BCF /* DishCollection.swift in Sources */ = {isa = PBXBuildFile; fileRef = AA2D505F1F6A791E00E25BCF /* DishCollection.swift */; };
		AA2D50621F6A947900E25BCF /* SellectingViewController.swift in Sources */ = {isa = PBXBuildFile; fileRef = AA2D50611F6A947900E25BCF /* SellectingViewController.swift */; };
		AA2D50641F6A95A700E25BCF /* noImage.png in Resources */ = {isa = PBXBuildFile; fileRef = AA2D50631F6A95A700E25BCF /* noImage.png */; };
		AA2D50661F6ABBEE00E25BCF /* SearchedViewController.swift in Sources */ = {isa = PBXBuildFile; fileRef = AA2D50651F6ABBEE00E25BCF /* SearchedViewController.swift */; };
		AA2D50681F6B10C600E25BCF /* CookSkillViewController.swift in Sources */ = {isa = PBXBuildFile; fileRef = AA2D50671F6B10C600E25BCF /* CookSkillViewController.swift */; };
		AA2D50741F6B1DFC00E25BCF /* SkillResultViewController.swift in Sources */ = {isa = PBXBuildFile; fileRef = AA2D50731F6B1DFC00E25BCF /* SkillResultViewController.swift */; };
		AA2D50841F6B2C5D00E25BCF /* SkillOverlayView.swift in Sources */ = {isa = PBXBuildFile; fileRef = AA2D50831F6B2C5D00E25BCF /* SkillOverlayView.swift */; };
		AA2D50861F6B2E0200E25BCF /* SellectingOverlayView.swift in Sources */ = {isa = PBXBuildFile; fileRef = AA2D50851F6B2E0200E25BCF /* SellectingOverlayView.swift */; };
		AA2D50971F6B32F300E25BCF /* logo.png in Resources */ = {isa = PBXBuildFile; fileRef = AA2D508F1F6B32F300E25BCF /* logo.png */; };
		AA2D509C1F6B32F300E25BCF /* woman.png in Resources */ = {isa = PBXBuildFile; fileRef = AA2D50941F6B32F300E25BCF /* woman.png */; };
		AA2D50AA1F6B422B00E25BCF /* launch.png in Resources */ = {isa = PBXBuildFile; fileRef = AA2D50A91F6B422B00E25BCF /* launch.png */; };
		AA2D50AC1F6B670900E25BCF /* SellectingDishViewController.swift in Sources */ = {isa = PBXBuildFile; fileRef = AA2D50AB1F6B670900E25BCF /* SellectingDishViewController.swift */; };
		AA2D50AE1F6B68C200E25BCF /* DecideDishViewController.swift in Sources */ = {isa = PBXBuildFile; fileRef = AA2D50AD1F6B68C200E25BCF /* DecideDishViewController.swift */; };
		AA2D50B41F6B69F200E25BCF /* karubo.png in Resources */ = {isa = PBXBuildFile; fileRef = AA2D50B01F6B69F200E25BCF /* karubo.png */; };
		AA2D50B51F6B69F200E25BCF /* okonomiyaki.png in Resources */ = {isa = PBXBuildFile; fileRef = AA2D50B11F6B69F200E25BCF /* okonomiyaki.png */; };
		AA2D50B61F6B69F200E25BCF /* piman.png in Resources */ = {isa = PBXBuildFile; fileRef = AA2D50B21F6B69F200E25BCF /* piman.png */; };
		AA2D50B71F6B69F200E25BCF /* yasaiitame.png in Resources */ = {isa = PBXBuildFile; fileRef = AA2D50B31F6B69F200E25BCF /* yasaiitame.png */; };
		AA2D50B91F6B69FC00E25BCF /* kare.png in Resources */ = {isa = PBXBuildFile; fileRef = AA2D50B81F6B69FC00E25BCF /* kare.png */; };
		AA2D50BE1F6B6A0900E25BCF /* boy_say_no.png in Resources */ = {isa = PBXBuildFile; fileRef = AA2D50BA1F6B6A0900E25BCF /* boy_say_no.png */; };
		AA2D50BF1F6B6A0900E25BCF /* boy_say_yes.png in Resources */ = {isa = PBXBuildFile; fileRef = AA2D50BB1F6B6A0900E25BCF /* boy_say_yes.png */; };
		AA2D50C01F6B6A0900E25BCF /* girl.png in Resources */ = {isa = PBXBuildFile; fileRef = AA2D50BC1F6B6A0900E25BCF /* girl.png */; };
		AA2D50C11F6B6A0900E25BCF /* Group.png in Resources */ = {isa = PBXBuildFile; fileRef = AA2D50BD1F6B6A0900E25BCF /* Group.png */; };
		AA2D50C41F6B8F2000E25BCF /* no.png in Resources */ = {isa = PBXBuildFile; fileRef = AA2D50C21F6B8F2000E25BCF /* no.png */; };
		AA2D50C51F6B8F2000E25BCF /* yes.png in Resources */ = {isa = PBXBuildFile; fileRef = AA2D50C31F6B8F2000E25BCF /* yes.png */; };
		AA2D50C71F6B903300E25BCF /* favo.png in Resources */ = {isa = PBXBuildFile; fileRef = AA2D50C61F6B903300E25BCF /* favo.png */; };
		AA2D50CA1F6B904F00E25BCF /* man-no.png in Resources */ = {isa = PBXBuildFile; fileRef = AA2D50C81F6B904F00E25BCF /* man-no.png */; };
		AA2D50CB1F6B904F00E25BCF /* man-yes.png in Resources */ = {isa = PBXBuildFile; fileRef = AA2D50C91F6B904F00E25BCF /* man-yes.png */; };
		AA2D50CD1F6B920C00E25BCF /* hukihuki.png in Resources */ = {isa = PBXBuildFile; fileRef = AA2D50CC1F6B920C00E25BCF /* hukihuki.png */; };
		AA2D50CF1F6B924F00E25BCF /* batu.png in Resources */ = {isa = PBXBuildFile; fileRef = AA2D50CE1F6B924F00E25BCF /* batu.png */; };
		AA2D50D21F6B999700E25BCF /* にく？.png in Resources */ = {isa = PBXBuildFile; fileRef = AA2D50D11F6B999700E25BCF /* にく？.png */; };
		AA2D50D41F6B9AD500E25BCF /* start.png in Resources */ = {isa = PBXBuildFile; fileRef = AA2D50D31F6B9AD500E25BCF /* start.png */; };
		AA2D50D61F6B9B4900E25BCF /* flicImage.png in Resources */ = {isa = PBXBuildFile; fileRef = AA2D50D51F6B9B4900E25BCF /* flicImage.png */; };
		AA2D50D91F6B9BD000E25BCF /* star-o.png in Resources */ = {isa = PBXBuildFile; fileRef = AA2D50D71F6B9BD000E25BCF /* star-o.png */; };
		AA2D50DA1F6B9BD000E25BCF /* star.png in Resources */ = {isa = PBXBuildFile; fileRef = AA2D50D81F6B9BD000E25BCF /* star.png */; };
		AAA9564C1F6A5BCD0052CE15 /* dish1.jpg in Resources */ = {isa = PBXBuildFile; fileRef = AAA956491F6A5BCD0052CE15 /* dish1.jpg */; };
		AAA9564D1F6A5BCD0052CE15 /* dish2.jpg in Resources */ = {isa = PBXBuildFile; fileRef = AAA9564A1F6A5BCD0052CE15 /* dish2.jpg */; };
		AAA9564E1F6A5BCD0052CE15 /* dish3.jpg in Resources */ = {isa = PBXBuildFile; fileRef = AAA9564B1F6A5BCD0052CE15 /* dish3.jpg */; };
		AAC28C9B1F68C484000D2DE3 /* AppDelegate.swift in Sources */ = {isa = PBXBuildFile; fileRef = AAC28C9A1F68C484000D2DE3 /* AppDelegate.swift */; };
		AAC28C9D1F68C484000D2DE3 /* ViewController.swift in Sources */ = {isa = PBXBuildFile; fileRef = AAC28C9C1F68C484000D2DE3 /* ViewController.swift */; };
		AAC28CA01F68C484000D2DE3 /* Main.storyboard in Resources */ = {isa = PBXBuildFile; fileRef = AAC28C9E1F68C484000D2DE3 /* Main.storyboard */; };
		AAC28CA31F68C484000D2DE3 /* cookpad_demo.xcdatamodeld in Sources */ = {isa = PBXBuildFile; fileRef = AAC28CA11F68C484000D2DE3 /* cookpad_demo.xcdatamodeld */; };
		AAC28CA51F68C484000D2DE3 /* Assets.xcassets in Resources */ = {isa = PBXBuildFile; fileRef = AAC28CA41F68C484000D2DE3 /* Assets.xcassets */; };
		AAC28CA81F68C484000D2DE3 /* LaunchScreen.storyboard in Resources */ = {isa = PBXBuildFile; fileRef = AAC28CA61F68C484000D2DE3 /* LaunchScreen.storyboard */; };
/* End PBXBuildFile section */

/* Begin PBXFileReference section */
		141674A82219BE938AAD5619 /* Pods_cookpad_demo.framework */ = {isa = PBXFileReference; explicitFileType = wrapper.framework; includeInIndex = 0; path = Pods_cookpad_demo.framework; sourceTree = BUILT_PRODUCTS_DIR; };
		79A19E98FE04C6062F244EB7 /* Pods-cookpad_demo.debug.xcconfig */ = {isa = PBXFileReference; includeInIndex = 1; lastKnownFileType = text.xcconfig; name = "Pods-cookpad_demo.debug.xcconfig"; path = "Pods/Target Support Files/Pods-cookpad_demo/Pods-cookpad_demo.debug.xcconfig"; sourceTree = "<group>"; };
		96172BF24D29CD43789204DB /* Pods-cookpad_demo.release.xcconfig */ = {isa = PBXFileReference; includeInIndex = 1; lastKnownFileType = text.xcconfig; name = "Pods-cookpad_demo.release.xcconfig"; path = "Pods/Target Support Files/Pods-cookpad_demo/Pods-cookpad_demo.release.xcconfig"; sourceTree = "<group>"; };
		AA2D50581F6A713C00E25BCF /* DishLevel.swift */ = {isa = PBXFileReference; fileEncoding = 4; lastKnownFileType = sourcecode.swift; path = DishLevel.swift; sourceTree = "<group>"; };
		AA2D505D1F6A74F200E25BCF /* Dish.swift */ = {isa = PBXFileReference; fileEncoding = 4; lastKnownFileType = sourcecode.swift; path = Dish.swift; sourceTree = "<group>"; };
		AA2D505F1F6A791E00E25BCF /* DishCollection.swift */ = {isa = PBXFileReference; fileEncoding = 4; lastKnownFileType = sourcecode.swift; path = DishCollection.swift; sourceTree = "<group>"; };
		AA2D50611F6A947900E25BCF /* SellectingViewController.swift */ = {isa = PBXFileReference; fileEncoding = 4; lastKnownFileType = sourcecode.swift; path = SellectingViewController.swift; sourceTree = "<group>"; };
		AA2D50631F6A95A700E25BCF /* noImage.png */ = {isa = PBXFileReference; lastKnownFileType = image.png; name = noImage.png; path = ../../../Downloads/noImage.png; sourceTree = "<group>"; };
		AA2D50651F6ABBEE00E25BCF /* SearchedViewController.swift */ = {isa = PBXFileReference; fileEncoding = 4; lastKnownFileType = sourcecode.swift; path = SearchedViewController.swift; sourceTree = "<group>"; };
		AA2D50671F6B10C600E25BCF /* CookSkillViewController.swift */ = {isa = PBXFileReference; fileEncoding = 4; lastKnownFileType = sourcecode.swift; path = CookSkillViewController.swift; sourceTree = "<group>"; };
		AA2D50731F6B1DFC00E25BCF /* SkillResultViewController.swift */ = {isa = PBXFileReference; fileEncoding = 4; lastKnownFileType = sourcecode.swift; path = SkillResultViewController.swift; sourceTree = "<group>"; };
		AA2D50831F6B2C5D00E25BCF /* SkillOverlayView.swift */ = {isa = PBXFileReference; fileEncoding = 4; lastKnownFileType = sourcecode.swift; path = SkillOverlayView.swift; sourceTree = "<group>"; };
		AA2D50851F6B2E0200E25BCF /* SellectingOverlayView.swift */ = {isa = PBXFileReference; fileEncoding = 4; lastKnownFileType = sourcecode.swift; path = SellectingOverlayView.swift; sourceTree = "<group>"; };
		AA2D508F1F6B32F300E25BCF /* logo.png */ = {isa = PBXFileReference; lastKnownFileType = image.png; path = logo.png; sourceTree = "<group>"; };
		AA2D50941F6B32F300E25BCF /* woman.png */ = {isa = PBXFileReference; lastKnownFileType = image.png; path = woman.png; sourceTree = "<group>"; };
		AA2D50A91F6B422B00E25BCF /* launch.png */ = {isa = PBXFileReference; lastKnownFileType = image.png; path = launch.png; sourceTree = "<group>"; };
		AA2D50AB1F6B670900E25BCF /* SellectingDishViewController.swift */ = {isa = PBXFileReference; fileEncoding = 4; lastKnownFileType = sourcecode.swift; path = SellectingDishViewController.swift; sourceTree = "<group>"; };
		AA2D50AD1F6B68C200E25BCF /* DecideDishViewController.swift */ = {isa = PBXFileReference; fileEncoding = 4; lastKnownFileType = sourcecode.swift; path = DecideDishViewController.swift; sourceTree = "<group>"; };
		AA2D50B01F6B69F200E25BCF /* karubo.png */ = {isa = PBXFileReference; lastKnownFileType = image.png; path = karubo.png; sourceTree = "<group>"; };
		AA2D50B11F6B69F200E25BCF /* okonomiyaki.png */ = {isa = PBXFileReference; lastKnownFileType = image.png; path = okonomiyaki.png; sourceTree = "<group>"; };
		AA2D50B21F6B69F200E25BCF /* piman.png */ = {isa = PBXFileReference; lastKnownFileType = image.png; path = piman.png; sourceTree = "<group>"; };
		AA2D50B31F6B69F200E25BCF /* yasaiitame.png */ = {isa = PBXFileReference; lastKnownFileType = image.png; path = yasaiitame.png; sourceTree = "<group>"; };
		AA2D50B81F6B69FC00E25BCF /* kare.png */ = {isa = PBXFileReference; lastKnownFileType = image.png; path = kare.png; sourceTree = "<group>"; };
		AA2D50BA1F6B6A0900E25BCF /* boy_say_no.png */ = {isa = PBXFileReference; lastKnownFileType = image.png; path = boy_say_no.png; sourceTree = "<group>"; };
		AA2D50BB1F6B6A0900E25BCF /* boy_say_yes.png */ = {isa = PBXFileReference; lastKnownFileType = image.png; path = boy_say_yes.png; sourceTree = "<group>"; };
		AA2D50BC1F6B6A0900E25BCF /* girl.png */ = {isa = PBXFileReference; lastKnownFileType = image.png; path = girl.png; sourceTree = "<group>"; };
		AA2D50BD1F6B6A0900E25BCF /* Group.png */ = {isa = PBXFileReference; lastKnownFileType = image.png; path = Group.png; sourceTree = "<group>"; };
		AA2D50C21F6B8F2000E25BCF /* no.png */ = {isa = PBXFileReference; lastKnownFileType = image.png; path = no.png; sourceTree = "<group>"; };
		AA2D50C31F6B8F2000E25BCF /* yes.png */ = {isa = PBXFileReference; lastKnownFileType = image.png; path = yes.png; sourceTree = "<group>"; };
		AA2D50C61F6B903300E25BCF /* favo.png */ = {isa = PBXFileReference; lastKnownFileType = image.png; path = favo.png; sourceTree = "<group>"; };
		AA2D50C81F6B904F00E25BCF /* man-no.png */ = {isa = PBXFileReference; lastKnownFileType = image.png; path = "man-no.png"; sourceTree = "<group>"; };
		AA2D50C91F6B904F00E25BCF /* man-yes.png */ = {isa = PBXFileReference; lastKnownFileType = image.png; path = "man-yes.png"; sourceTree = "<group>"; };
		AA2D50CC1F6B920C00E25BCF /* hukihuki.png */ = {isa = PBXFileReference; lastKnownFileType = image.png; path = hukihuki.png; sourceTree = "<group>"; };
		AA2D50CE1F6B924F00E25BCF /* batu.png */ = {isa = PBXFileReference; lastKnownFileType = image.png; path = batu.png; sourceTree = "<group>"; };
		AA2D50D11F6B999700E25BCF /* にく？.png */ = {isa = PBXFileReference; lastKnownFileType = image.png; path = "にく？.png"; sourceTree = "<group>"; };
		AA2D50D31F6B9AD500E25BCF /* start.png */ = {isa = PBXFileReference; lastKnownFileType = image.png; path = start.png; sourceTree = "<group>"; };
		AA2D50D51F6B9B4900E25BCF /* flicImage.png */ = {isa = PBXFileReference; lastKnownFileType = image.png; path = flicImage.png; sourceTree = "<group>"; };
		AA2D50D71F6B9BD000E25BCF /* star-o.png */ = {isa = PBXFileReference; lastKnownFileType = image.png; path = "star-o.png"; sourceTree = "<group>"; };
		AA2D50D81F6B9BD000E25BCF /* star.png */ = {isa = PBXFileReference; lastKnownFileType = image.png; path = star.png; sourceTree = "<group>"; };
		AAA956491F6A5BCD0052CE15 /* dish1.jpg */ = {isa = PBXFileReference; lastKnownFileType = image.jpeg; name = dish1.jpg; path = ../../../Downloads/dish1.jpg; sourceTree = "<group>"; };
		AAA9564A1F6A5BCD0052CE15 /* dish2.jpg */ = {isa = PBXFileReference; lastKnownFileType = image.jpeg; name = dish2.jpg; path = ../../../Downloads/dish2.jpg; sourceTree = "<group>"; };
		AAA9564B1F6A5BCD0052CE15 /* dish3.jpg */ = {isa = PBXFileReference; lastKnownFileType = image.jpeg; name = dish3.jpg; path = ../../../Downloads/dish3.jpg; sourceTree = "<group>"; };
		AAC28C971F68C484000D2DE3 /* cookpad_demo.app */ = {isa = PBXFileReference; explicitFileType = wrapper.application; includeInIndex = 0; path = cookpad_demo.app; sourceTree = BUILT_PRODUCTS_DIR; };
		AAC28C9A1F68C484000D2DE3 /* AppDelegate.swift */ = {isa = PBXFileReference; lastKnownFileType = sourcecode.swift; path = AppDelegate.swift; sourceTree = "<group>"; };
		AAC28C9C1F68C484000D2DE3 /* ViewController.swift */ = {isa = PBXFileReference; lastKnownFileType = sourcecode.swift; path = ViewController.swift; sourceTree = "<group>"; };
		AAC28C9F1F68C484000D2DE3 /* Base */ = {isa = PBXFileReference; lastKnownFileType = file.storyboard; name = Base; path = Base.lproj/Main.storyboard; sourceTree = "<group>"; };
		AAC28CA21F68C484000D2DE3 /* cookpad_demo.xcdatamodel */ = {isa = PBXFileReference; lastKnownFileType = wrapper.xcdatamodel; path = cookpad_demo.xcdatamodel; sourceTree = "<group>"; };
		AAC28CA41F68C484000D2DE3 /* Assets.xcassets */ = {isa = PBXFileReference; lastKnownFileType = folder.assetcatalog; path = Assets.xcassets; sourceTree = "<group>"; };
		AAC28CA71F68C484000D2DE3 /* Base */ = {isa = PBXFileReference; lastKnownFileType = file.storyboard; name = Base; path = Base.lproj/LaunchScreen.storyboard; sourceTree = "<group>"; };
		AAC28CA91F68C484000D2DE3 /* Info.plist */ = {isa = PBXFileReference; lastKnownFileType = text.plist.xml; path = Info.plist; sourceTree = "<group>"; };
/* End PBXFileReference section */

/* Begin PBXFrameworksBuildPhase section */
		AAC28C941F68C484000D2DE3 /* Frameworks */ = {
			isa = PBXFrameworksBuildPhase;
			buildActionMask = 2147483647;
			files = (
				3086238B63379E8D05EDA0E1 /* Pods_cookpad_demo.framework in Frameworks */,
			);
			runOnlyForDeploymentPostprocessing = 0;
		};
/* End PBXFrameworksBuildPhase section */

/* Begin PBXGroup section */
		8D4097C51AA6F6BB23371229 /* Pods */ = {
			isa = PBXGroup;
			children = (
				79A19E98FE04C6062F244EB7 /* Pods-cookpad_demo.debug.xcconfig */,
				96172BF24D29CD43789204DB /* Pods-cookpad_demo.release.xcconfig */,
			);
			name = Pods;
			sourceTree = "<group>";
		};
		AA2D50571F6A70DC00E25BCF /* Data */ = {
			isa = PBXGroup;
			children = (
				AA2D50581F6A713C00E25BCF /* DishLevel.swift */,
			);
			name = Data;
			sourceTree = "<group>";
		};
		AA2D505C1F6A74CE00E25BCF /* Model */ = {
			isa = PBXGroup;
			children = (
				AA2D505D1F6A74F200E25BCF /* Dish.swift */,
				AA2D505F1F6A791E00E25BCF /* DishCollection.swift */,
			);
			name = Model;
			sourceTree = "<group>";
		};
		AA2D50751F6B1DFF00E25BCF /* ViewControllers */ = {
			isa = PBXGroup;
			children = (
				AA2D50731F6B1DFC00E25BCF /* SkillResultViewController.swift */,
				AA2D50671F6B10C600E25BCF /* CookSkillViewController.swift */,
				AAC28C9C1F68C484000D2DE3 /* ViewController.swift */,
				AA2D50611F6A947900E25BCF /* SellectingViewController.swift */,
				AA2D50651F6ABBEE00E25BCF /* SearchedViewController.swift */,
				AA2D50AB1F6B670900E25BCF /* SellectingDishViewController.swift */,
				AA2D50AD1F6B68C200E25BCF /* DecideDishViewController.swift */,
			);
			name = ViewControllers;
			sourceTree = "<group>";
		};
		AA2D50821F6B2C3800E25BCF /* Views */ = {
			isa = PBXGroup;
			children = (
				AA2D50831F6B2C5D00E25BCF /* SkillOverlayView.swift */,
				AA2D50851F6B2E0200E25BCF /* SellectingOverlayView.swift */,
			);
			name = Views;
			sourceTree = "<group>";
		};
		AA2D50AF1F6B69D900E25BCF /* dishes */ = {
			isa = PBXGroup;
			children = (
				AA2D50B01F6B69F200E25BCF /* karubo.png */,
				AA2D50B81F6B69FC00E25BCF /* kare.png */,
				AA2D50B11F6B69F200E25BCF /* okonomiyaki.png */,
				AA2D50B21F6B69F200E25BCF /* piman.png */,
				AA2D50B31F6B69F200E25BCF /* yasaiitame.png */,
			);
			name = dishes;
			sourceTree = "<group>";
		};
		AA2D50D01F6B998A00E25BCF /* dishLikes */ = {
			isa = PBXGroup;
			children = (
				AA2D50D11F6B999700E25BCF /* にく？.png */,
			);
			name = dishLikes;
			sourceTree = "<group>";
		};
		AAA956481F6A5B070052CE15 /* Images */ = {
			isa = PBXGroup;
			children = (
				AA2D50D01F6B998A00E25BCF /* dishLikes */,
				AA2D50AF1F6B69D900E25BCF /* dishes */,
				AA2D50C21F6B8F2000E25BCF /* no.png */,
				AA2D50D51F6B9B4900E25BCF /* flicImage.png */,
				AA2D50D31F6B9AD500E25BCF /* start.png */,
				AA2D50CC1F6B920C00E25BCF /* hukihuki.png */,
				AA2D50D71F6B9BD000E25BCF /* star-o.png */,
				AA2D50D81F6B9BD000E25BCF /* star.png */,
				AA2D50C61F6B903300E25BCF /* favo.png */,
				AA2D50CE1F6B924F00E25BCF /* batu.png */,
				AA2D50C31F6B8F2000E25BCF /* yes.png */,
				AA2D50A91F6B422B00E25BCF /* launch.png */,
				AA2D50BA1F6B6A0900E25BCF /* boy_say_no.png */,
				AA2D50BB1F6B6A0900E25BCF /* boy_say_yes.png */,
				AA2D50BC1F6B6A0900E25BCF /* girl.png */,
				AA2D50BD1F6B6A0900E25BCF /* Group.png */,
				AA2D508F1F6B32F300E25BCF /* logo.png */,
				AA2D50941F6B32F300E25BCF /* woman.png */,
				AA2D50631F6A95A700E25BCF /* noImage.png */,
				AAA956491F6A5BCD0052CE15 /* dish1.jpg */,
				AAA9564A1F6A5BCD0052CE15 /* dish2.jpg */,
				AAA9564B1F6A5BCD0052CE15 /* dish3.jpg */,
				AA2D50C81F6B904F00E25BCF /* man-no.png */,
				AA2D50C91F6B904F00E25BCF /* man-yes.png */,
			);
			name = Images;
			sourceTree = "<group>";
		};
		AAC28C8E1F68C484000D2DE3 = {
			isa = PBXGroup;
			children = (
				AAC28C991F68C484000D2DE3 /* cookpad_demo */,
				AAC28C981F68C484000D2DE3 /* Products */,
				8D4097C51AA6F6BB23371229 /* Pods */,
				BBB6E063D3735678BD686CF3 /* Frameworks */,
			);
			sourceTree = "<group>";
		};
		AAC28C981F68C484000D2DE3 /* Products */ = {
			isa = PBXGroup;
			children = (
				AAC28C971F68C484000D2DE3 /* cookpad_demo.app */,
			);
			name = Products;
			sourceTree = "<group>";
		};
		AAC28C991F68C484000D2DE3 /* cookpad_demo */ = {
			isa = PBXGroup;
			children = (
				AAC28C9E1F68C484000D2DE3 /* Main.storyboard */,
				AA2D50821F6B2C3800E25BCF /* Views */,
				AA2D50751F6B1DFF00E25BCF /* ViewControllers */,
				AA2D505C1F6A74CE00E25BCF /* Model */,
				AA2D50571F6A70DC00E25BCF /* Data */,
				AAA956481F6A5B070052CE15 /* Images */,
				AAC28C9A1F68C484000D2DE3 /* AppDelegate.swift */,
				AAC28CA41F68C484000D2DE3 /* Assets.xcassets */,
				AAC28CA61F68C484000D2DE3 /* LaunchScreen.storyboard */,
				AAC28CA91F68C484000D2DE3 /* Info.plist */,
				AAC28CA11F68C484000D2DE3 /* cookpad_demo.xcdatamodeld */,
			);
			path = cookpad_demo;
			sourceTree = "<group>";
		};
		BBB6E063D3735678BD686CF3 /* Frameworks */ = {
			isa = PBXGroup;
			children = (
				141674A82219BE938AAD5619 /* Pods_cookpad_demo.framework */,
			);
			name = Frameworks;
			sourceTree = "<group>";
		};
/* End PBXGroup section */

/* Begin PBXNativeTarget section */
		AAC28C961F68C484000D2DE3 /* cookpad_demo */ = {
			isa = PBXNativeTarget;
			buildConfigurationList = AAC28CAC1F68C484000D2DE3 /* Build configuration list for PBXNativeTarget "cookpad_demo" */;
			buildPhases = (
				CA6BB05D847879B6851DDFD8 /* [CP] Check Pods Manifest.lock */,
				AAC28C931F68C484000D2DE3 /* Sources */,
				AAC28C941F68C484000D2DE3 /* Frameworks */,
				AAC28C951F68C484000D2DE3 /* Resources */,
				A28B9101762367A522D10300 /* [CP] Embed Pods Frameworks */,
				0C99DCDB4C467E018D9B9684 /* [CP] Copy Pods Resources */,
			);
			buildRules = (
			);
			dependencies = (
			);
			name = cookpad_demo;
			productName = cookpad_demo;
			productReference = AAC28C971F68C484000D2DE3 /* cookpad_demo.app */;
			productType = "com.apple.product-type.application";
		};
/* End PBXNativeTarget section */

/* Begin PBXProject section */
		AAC28C8F1F68C484000D2DE3 /* Project object */ = {
			isa = PBXProject;
			attributes = {
				LastSwiftUpdateCheck = 0830;
				LastUpgradeCheck = 0830;
				ORGANIZATIONNAME = kentaro;
				TargetAttributes = {
					AAC28C961F68C484000D2DE3 = {
						CreatedOnToolsVersion = 8.3.3;
						DevelopmentTeam = XUC6543MQ8;
						ProvisioningStyle = Automatic;
					};
				};
			};
			buildConfigurationList = AAC28C921F68C484000D2DE3 /* Build configuration list for PBXProject "cookpad_demo" */;
			compatibilityVersion = "Xcode 3.2";
			developmentRegion = English;
			hasScannedForEncodings = 0;
			knownRegions = (
				en,
				Base,
			);
			mainGroup = AAC28C8E1F68C484000D2DE3;
			productRefGroup = AAC28C981F68C484000D2DE3 /* Products */;
			projectDirPath = "";
			projectRoot = "";
			targets = (
				AAC28C961F68C484000D2DE3 /* cookpad_demo */,
			);
		};
/* End PBXProject section */

/* Begin PBXResourcesBuildPhase section */
		AAC28C951F68C484000D2DE3 /* Resources */ = {
			isa = PBXResourcesBuildPhase;
			buildActionMask = 2147483647;
			files = (
				AA2D50C41F6B8F2000E25BCF /* no.png in Resources */,
				AA2D50D21F6B999700E25BCF /* にく？.png in Resources */,
				AA2D50C71F6B903300E25BCF /* favo.png in Resources */,
				AA2D50AA1F6B422B00E25BCF /* launch.png in Resources */,
				AA2D50B51F6B69F200E25BCF /* okonomiyaki.png in Resources */,
				AA2D50DA1F6B9BD000E25BCF /* star.png in Resources */,
				AA2D50C01F6B6A0900E25BCF /* girl.png in Resources */,
				AA2D50B41F6B69F200E25BCF /* karubo.png in Resources */,
				AAC28CA81F68C484000D2DE3 /* LaunchScreen.storyboard in Resources */,
				AAA9564E1F6A5BCD0052CE15 /* dish3.jpg in Resources */,
				AA2D50D91F6B9BD000E25BCF /* star-o.png in Resources */,
				AAA9564C1F6A5BCD0052CE15 /* dish1.jpg in Resources */,
				AA2D50CA1F6B904F00E25BCF /* man-no.png in Resources */,
				AA2D50CB1F6B904F00E25BCF /* man-yes.png in Resources */,
				AA2D50CD1F6B920C00E25BCF /* hukihuki.png in Resources */,
				AAA9564D1F6A5BCD0052CE15 /* dish2.jpg in Resources */,
				AA2D50B61F6B69F200E25BCF /* piman.png in Resources */,
				AA2D50BF1F6B6A0900E25BCF /* boy_say_yes.png in Resources */,
				AA2D50B91F6B69FC00E25BCF /* kare.png in Resources */,
				AA2D50D61F6B9B4900E25BCF /* flicImage.png in Resources */,
				AA2D50641F6A95A700E25BCF /* noImage.png in Resources */,
				AA2D50C51F6B8F2000E25BCF /* yes.png in Resources */,
				AA2D50B71F6B69F200E25BCF /* yasaiitame.png in Resources */,
				AA2D50D41F6B9AD500E25BCF /* start.png in Resources */,
				AAC28CA51F68C484000D2DE3 /* Assets.xcassets in Resources */,
				AA2D50C11F6B6A0900E25BCF /* Group.png in Resources */,
				AA2D50BE1F6B6A0900E25BCF /* boy_say_no.png in Resources */,
				AA2D50971F6B32F300E25BCF /* logo.png in Resources */,
				AA2D509C1F6B32F300E25BCF /* woman.png in Resources */,
				AAC28CA01F68C484000D2DE3 /* Main.storyboard in Resources */,
				AA2D50CF1F6B924F00E25BCF /* batu.png in Resources */,
			);
			runOnlyForDeploymentPostprocessing = 0;
		};
/* End PBXResourcesBuildPhase section */

/* Begin PBXShellScriptBuildPhase section */
		0C99DCDB4C467E018D9B9684 /* [CP] Copy Pods Resources */ = {
			isa = PBXShellScriptBuildPhase;
			buildActionMask = 2147483647;
			files = (
			);
			inputPaths = (
			);
			name = "[CP] Copy Pods Resources";
			outputPaths = (
			);
			runOnlyForDeploymentPostprocessing = 0;
			shellPath = /bin/sh;
			shellScript = "\"${SRCROOT}/Pods/Target Support Files/Pods-cookpad_demo/Pods-cookpad_demo-resources.sh\"\n";
			showEnvVarsInLog = 0;
		};
		A28B9101762367A522D10300 /* [CP] Embed Pods Frameworks */ = {
			isa = PBXShellScriptBuildPhase;
			buildActionMask = 2147483647;
			files = (
			);
			inputPaths = (
				"${SRCROOT}/Pods/Target Support Files/Pods-cookpad_demo/Pods-cookpad_demo-frameworks.sh",
				"${BUILT_PRODUCTS_DIR}/Koloda/Koloda.framework",
				"${BUILT_PRODUCTS_DIR}/pop/pop.framework",
			);
			name = "[CP] Embed Pods Frameworks";
			outputPaths = (
				"${TARGET_BUILD_DIR}/${FRAMEWORKS_FOLDER_PATH}/Koloda.framework",
				"${TARGET_BUILD_DIR}/${FRAMEWORKS_FOLDER_PATH}/pop.framework",
			);
			runOnlyForDeploymentPostprocessing = 0;
			shellPath = /bin/sh;
			shellScript = "\"${SRCROOT}/Pods/Target Support Files/Pods-cookpad_demo/Pods-cookpad_demo-frameworks.sh\"\n";
			showEnvVarsInLog = 0;
		};
		CA6BB05D847879B6851DDFD8 /* [CP] Check Pods Manifest.lock */ = {
			isa = PBXShellScriptBuildPhase;
			buildActionMask = 2147483647;
			files = (
			);
			inputPaths = (
				"${PODS_PODFILE_DIR_PATH}/Podfile.lock",
				"${PODS_ROOT}/Manifest.lock",
			);
			name = "[CP] Check Pods Manifest.lock";
			outputPaths = (
				"$(DERIVED_FILE_DIR)/Pods-cookpad_demo-checkManifestLockResult.txt",
			);
			runOnlyForDeploymentPostprocessing = 0;
			shellPath = /bin/sh;
			shellScript = "diff \"${PODS_PODFILE_DIR_PATH}/Podfile.lock\" \"${PODS_ROOT}/Manifest.lock\" > /dev/null\nif [ $? != 0 ] ; then\n    # print error to STDERR\n    echo \"error: The sandbox is not in sync with the Podfile.lock. Run 'pod install' or update your CocoaPods installation.\" >&2\n    exit 1\nfi\n# This output is used by Xcode 'outputs' to avoid re-running this script phase.\necho \"SUCCESS\" > \"${SCRIPT_OUTPUT_FILE_0}\"\n";
			showEnvVarsInLog = 0;
		};
/* End PBXShellScriptBuildPhase section */

/* Begin PBXSourcesBuildPhase section */
		AAC28C931F68C484000D2DE3 /* Sources */ = {
			isa = PBXSourcesBuildPhase;
			buildActionMask = 2147483647;
			files = (
				AA2D50741F6B1DFC00E25BCF /* SkillResultViewController.swift in Sources */,
				AA2D50591F6A713C00E25BCF /* DishLevel.swift in Sources */,
				AAC28CA31F68C484000D2DE3 /* cookpad_demo.xcdatamodeld in Sources */,
				AA2D50621F6A947900E25BCF /* SellectingViewController.swift in Sources */,
				AA2D50AE1F6B68C200E25BCF /* DecideDishViewController.swift in Sources */,
				AA2D50661F6ABBEE00E25BCF /* SearchedViewController.swift in Sources */,
				AAC28C9D1F68C484000D2DE3 /* ViewController.swift in Sources */,
				AA2D50AC1F6B670900E25BCF /* SellectingDishViewController.swift in Sources */,
				AA2D505E1F6A74F200E25BCF /* Dish.swift in Sources */,
				AA2D50861F6B2E0200E25BCF /* SellectingOverlayView.swift in Sources */,
				AAC28C9B1F68C484000D2DE3 /* AppDelegate.swift in Sources */,
				AA2D50601F6A791E00E25BCF /* DishCollection.swift in Sources */,
				AA2D50681F6B10C600E25BCF /* CookSkillViewController.swift in Sources */,
				AA2D50841F6B2C5D00E25BCF /* SkillOverlayView.swift in Sources */,
			);
			runOnlyForDeploymentPostprocessing = 0;
		};
/* End PBXSourcesBuildPhase section */

/* Begin PBXVariantGroup section */
		AAC28C9E1F68C484000D2DE3 /* Main.storyboard */ = {
			isa = PBXVariantGroup;
			children = (
				AAC28C9F1F68C484000D2DE3 /* Base */,
			);
			name = Main.storyboard;
			sourceTree = "<group>";
		};
		AAC28CA61F68C484000D2DE3 /* LaunchScreen.storyboard */ = {
			isa = PBXVariantGroup;
			children = (
				AAC28CA71F68C484000D2DE3 /* Base */,
			);
			name = LaunchScreen.storyboard;
			sourceTree = "<group>";
		};
/* End PBXVariantGroup section */

/* Begin XCBuildConfiguration section */
		AAC28CAA1F68C484000D2DE3 /* Debug */ = {
			isa = XCBuildConfiguration;
			buildSettings = {
				ALWAYS_SEARCH_USER_PATHS = NO;
				CLANG_ANALYZER_NONNULL = YES;
				CLANG_ANALYZER_NUMBER_OBJECT_CONVERSION = YES_AGGRESSIVE;
				CLANG_CXX_LANGUAGE_STANDARD = "gnu++0x";
				CLANG_CXX_LIBRARY = "libc++";
				CLANG_ENABLE_MODULES = YES;
				CLANG_ENABLE_OBJC_ARC = YES;
				CLANG_WARN_BOOL_CONVERSION = YES;
				CLANG_WARN_CONSTANT_CONVERSION = YES;
				CLANG_WARN_DIRECT_OBJC_ISA_USAGE = YES_ERROR;
				CLANG_WARN_DOCUMENTATION_COMMENTS = YES;
				CLANG_WARN_EMPTY_BODY = YES;
				CLANG_WARN_ENUM_CONVERSION = YES;
				CLANG_WARN_INFINITE_RECURSION = YES;
				CLANG_WARN_INT_CONVERSION = YES;
				CLANG_WARN_OBJC_ROOT_CLASS = YES_ERROR;
				CLANG_WARN_SUSPICIOUS_MOVE = YES;
				CLANG_WARN_UNREACHABLE_CODE = YES;
				CLANG_WARN__DUPLICATE_METHOD_MATCH = YES;
				"CODE_SIGN_IDENTITY[sdk=iphoneos*]" = "iPhone Developer";
				COPY_PHASE_STRIP = NO;
				DEBUG_INFORMATION_FORMAT = dwarf;
				ENABLE_STRICT_OBJC_MSGSEND = YES;
				ENABLE_TESTABILITY = YES;
				GCC_C_LANGUAGE_STANDARD = gnu99;
				GCC_DYNAMIC_NO_PIC = NO;
				GCC_NO_COMMON_BLOCKS = YES;
				GCC_OPTIMIZATION_LEVEL = 0;
				GCC_PREPROCESSOR_DEFINITIONS = (
					"DEBUG=1",
					"$(inherited)",
				);
				GCC_WARN_64_TO_32_BIT_CONVERSION = YES;
				GCC_WARN_ABOUT_RETURN_TYPE = YES_ERROR;
				GCC_WARN_UNDECLARED_SELECTOR = YES;
				GCC_WARN_UNINITIALIZED_AUTOS = YES_AGGRESSIVE;
				GCC_WARN_UNUSED_FUNCTION = YES;
				GCC_WARN_UNUSED_VARIABLE = YES;
				IPHONEOS_DEPLOYMENT_TARGET = 10.3;
				MTL_ENABLE_DEBUG_INFO = YES;
				ONLY_ACTIVE_ARCH = YES;
				SDKROOT = iphoneos;
				SWIFT_ACTIVE_COMPILATION_CONDITIONS = DEBUG;
				SWIFT_OPTIMIZATION_LEVEL = "-Onone";
			};
			name = Debug;
		};
		AAC28CAB1F68C484000D2DE3 /* Release */ = {
			isa = XCBuildConfiguration;
			buildSettings = {
				ALWAYS_SEARCH_USER_PATHS = NO;
				CLANG_ANALYZER_NONNULL = YES;
				CLANG_ANALYZER_NUMBER_OBJECT_CONVERSION = YES_AGGRESSIVE;
				CLANG_CXX_LANGUAGE_STANDARD = "gnu++0x";
				CLANG_CXX_LIBRARY = "libc++";
				CLANG_ENABLE_MODULES = YES;
				CLANG_ENABLE_OBJC_ARC = YES;
				CLANG_WARN_BOOL_CONVERSION = YES;
				CLANG_WARN_CONSTANT_CONVERSION = YES;
				CLANG_WARN_DIRECT_OBJC_ISA_USAGE = YES_ERROR;
				CLANG_WARN_DOCUMENTATION_COMMENTS = YES;
				CLANG_WARN_EMPTY_BODY = YES;
				CLANG_WARN_ENUM_CONVERSION = YES;
				CLANG_WARN_INFINITE_RECURSION = YES;
				CLANG_WARN_INT_CONVERSION = YES;
				CLANG_WARN_OBJC_ROOT_CLASS = YES_ERROR;
				CLANG_WARN_SUSPICIOUS_MOVE = YES;
				CLANG_WARN_UNREACHABLE_CODE = YES;
				CLANG_WARN__DUPLICATE_METHOD_MATCH = YES;
				"CODE_SIGN_IDENTITY[sdk=iphoneos*]" = "iPhone Developer";
				COPY_PHASE_STRIP = NO;
				DEBUG_INFORMATION_FORMAT = "dwarf-with-dsym";
				ENABLE_NS_ASSERTIONS = NO;
				ENABLE_STRICT_OBJC_MSGSEND = YES;
				GCC_C_LANGUAGE_STANDARD = gnu99;
				GCC_NO_COMMON_BLOCKS = YES;
				GCC_WARN_64_TO_32_BIT_CONVERSION = YES;
				GCC_WARN_ABOUT_RETURN_TYPE = YES_ERROR;
				GCC_WARN_UNDECLARED_SELECTOR = YES;
				GCC_WARN_UNINITIALIZED_AUTOS = YES_AGGRESSIVE;
				GCC_WARN_UNUSED_FUNCTION = YES;
				GCC_WARN_UNUSED_VARIABLE = YES;
				IPHONEOS_DEPLOYMENT_TARGET = 10.3;
				MTL_ENABLE_DEBUG_INFO = NO;
				SDKROOT = iphoneos;
				SWIFT_OPTIMIZATION_LEVEL = "-Owholemodule";
				VALIDATE_PRODUCT = YES;
			};
			name = Release;
		};
		AAC28CAD1F68C484000D2DE3 /* Debug */ = {
			isa = XCBuildConfiguration;
			baseConfigurationReference = 79A19E98FE04C6062F244EB7 /* Pods-cookpad_demo.debug.xcconfig */;
			buildSettings = {
				ASSETCATALOG_COMPILER_APPICON_NAME = AppIcon;
				DEVELOPMENT_TEAM = XUC6543MQ8;
				INFOPLIST_FILE = cookpad_demo/Info.plist;
				IPHONEOS_DEPLOYMENT_TARGET = 10.3;
				LD_RUNPATH_SEARCH_PATHS = "$(inherited) @executable_path/Frameworks";
				PRODUCT_BUNDLE_IDENTIFIER = "com.oratnek.cookpad-demo";
				PRODUCT_NAME = "$(TARGET_NAME)";
				SWIFT_VERSION = 3.0;
			};
			name = Debug;
		};
		AAC28CAE1F68C484000D2DE3 /* Release */ = {
			isa = XCBuildConfiguration;
			baseConfigurationReference = 96172BF24D29CD43789204DB /* Pods-cookpad_demo.release.xcconfig */;
			buildSettings = {
				ASSETCATALOG_COMPILER_APPICON_NAME = AppIcon;
				DEVELOPMENT_TEAM = XUC6543MQ8;
				INFOPLIST_FILE = cookpad_demo/Info.plist;
				IPHONEOS_DEPLOYMENT_TARGET = 10.3;
				LD_RUNPATH_SEARCH_PATHS = "$(inherited) @executable_path/Frameworks";
				PRODUCT_BUNDLE_IDENTIFIER = "com.oratnek.cookpad-demo";
				PRODUCT_NAME = "$(TARGET_NAME)";
				SWIFT_VERSION = 3.0;
			};
			name = Release;
		};
/* End XCBuildConfiguration section */

/* Begin XCConfigurationList section */
		AAC28C921F68C484000D2DE3 /* Build configuration list for PBXProject "cookpad_demo" */ = {
			isa = XCConfigurationList;
			buildConfigurations = (
				AAC28CAA1F68C484000D2DE3 /* Debug */,
				AAC28CAB1F68C484000D2DE3 /* Release */,
			);
			defaultConfigurationIsVisible = 0;
			defaultConfigurationName = Release;
		};
		AAC28CAC1F68C484000D2DE3 /* Build configuration list for PBXNativeTarget "cookpad_demo" */ = {
			isa = XCConfigurationList;
			buildConfigurations = (
				AAC28CAD1F68C484000D2DE3 /* Debug */,
				AAC28CAE1F68C484000D2DE3 /* Release */,
			);
			defaultConfigurationIsVisible = 0;
			defaultConfigurationName = Release;
		};
/* End XCConfigurationList section */

/* Begin XCVersionGroup section */
		AAC28CA11F68C484000D2DE3 /* cookpad_demo.xcdatamodeld */ = {
			isa = XCVersionGroup;
			children = (
				AAC28CA21F68C484000D2DE3 /* cookpad_demo.xcdatamodel */,
			);
			currentVersion = AAC28CA21F68C484000D2DE3 /* cookpad_demo.xcdatamodel */;
			path = cookpad_demo.xcdatamodeld;
			sourceTree = "<group>";
			versionGroupType = wrapper.xcdatamodel;
		};
/* End XCVersionGroup section */
	};
	rootObject = AAC28C8F1F68C484000D2DE3 /* Project object */;
}
